
Microsoft Visual Studio Solution File, Format Version 12.00
# Visual Studio Version 17
VisualStudioVersion = 17.8.34511.84
MinimumVisualStudioVersion = 10.0.40219.1
Project("{FAE04EC0-301F-11D3-BF4B-00C04F79EFBC}") = "ListOfMagazines", "ListOfMagazines\ListOfMagazines.csproj", "{1B380C8C-AAEF-4BC7-BBA7-8C89095A2190}"
EndProject
Global
	GlobalSection(SolutionConfigurationPlatforms) = preSolution
		Debug|Any CPU = Debug|Any CPU
		Release|Any CPU = Release|Any CPU
	EndGlobalSection
	GlobalSection(ProjectConfigurationPlatforms) = postSolution
		{1B380C8C-AAEF-4BC7-BBA7-8C89095A2190}.Debug|Any CPU.ActiveCfg = Debug|Any CPU
		{1B380C8C-AAEF-4BC7-BBA7-8C89095A2190}.Debug|Any CPU.Build.0 = Debug|Any CPU
		{1B380C8C-AAEF-4BC7-BBA7-8C89095A2190}.Release|Any CPU.ActiveCfg = Release|Any CPU
		{1B380C8C-AAEF-4BC7-BBA7-8C89095A2190}.Release|Any CPU.Build.0 = Release|Any CPU
	EndGlobalSection
	GlobalSection(SolutionProperties) = preSolution
		HideSolutionNode = FALSE
	EndGlobalSection
	GlobalSection(ExtensibilityGlobals) = postSolution
		SolutionGuid = {B5D50098-3E71-4662-8647-7493C8118E66}
	EndGlobalSection
EndGlobal
